
Microsoft Visual Studio Solution File, Format Version 12.00
# Visual Studio 15
VisualStudioVersion = 15.0.35431.46
MinimumVisualStudioVersion = 10.0.40219.1
Project("{FAE04EC0-301F-11D3-BF4B-00C04F79EFBC}") = "DentalClinicApp", "DentalClinicApp\DentalClinicApp.csproj", "{BD41D59F-AFF1-4EC2-8A75-FC6607D8F3B2}"
EndProject
Global
	GlobalSection(SolutionConfigurationPlatforms) = preSolution
		Debug|Any CPU = Debug|Any CPU
		Release|Any CPU = Release|Any CPU
	EndGlobalSection
	GlobalSection(ProjectConfigurationPlatforms) = postSolution
		{BD41D59F-AFF1-4EC2-8A75-FC6607D8F3B2}.Debug|Any CPU.ActiveCfg = Debug|Any CPU
		{BD41D59F-AFF1-4EC2-8A75-FC6607D8F3B2}.Debug|Any CPU.Build.0 = Debug|Any CPU
		{BD41D59F-AFF1-4EC2-8A75-FC6607D8F3B2}.Release|Any CPU.ActiveCfg = Release|Any CPU
		{BD41D59F-AFF1-4EC2-8A75-FC6607D8F3B2}.Release|Any CPU.Build.0 = Release|Any CPU
	EndGlobalSection
	GlobalSection(SolutionProperties) = preSolution
		HideSolutionNode = FALSE
	EndGlobalSection
	GlobalSection(ExtensibilityGlobals) = postSolution
		SolutionGuid = {8CF4AD09-B9F1-473B-851D-78944936194A}
	EndGlobalSection
EndGlobal
